<?xml version="1.0" encoding="UTF-8" standalone="yes" ?>
<CodeBlocks_project_file>
	<FileVersion major="1" minor="6" />
	<Project>
		<Option title="pyet" />
		<Option pch_mode="2" />
		<Option compiler="gcc" />
		<Build>
			<Target title="Debug">
				<Option output="../build/pyet" prefix_auto="1" extension_auto="1" />
				<Option object_output="obj/Debug/" />
				<Option type="3" />
				<Option compiler="gcc" />
				<Option createDefFile="1" />
				<Option createStaticLib="1" />
				<Compiler>
					<Add option="-g" />
				</Compiler>
			</Target>
			<Target title="Release">
				<Option output="bin/Release/libpyet" prefix_auto="1" extension_auto="1" />
				<Option object_output="obj/Release/" />
				<Option type="3" />
				<Option compiler="gcc" />
				<Option createDefFile="1" />
				<Option createStaticLib="1" />
				<Compiler>
					<Add option="-O2" />
				</Compiler>
				<Linker>
					<Add option="-s" />
				</Linker>
			</Target>
		</Build>
		<Compiler>
			<Add option="-Wall" />
			<Add option="-fexceptions" />
			<Add option="-fPIC" />
			<Add option="-I/home/olivier/chroot32b/usr/include/python2.7" />
			<Add option="-L/home/olivier/chroot32b/usr/lib/" />
			<Add option="-std=c++11" />
			<Add option="-m32" />
			<Add option="-DPYTHON_INCLUDE_DIR=/home/olivier/chroot32b/usr/include/python2.7" />
			<Add option="-DPYTHON_LIBRARY=/home/olivier/chroot32b/usr/lib/libpython2.7.so" />
		</Compiler>
		<Linker>
			<Add option="-m32" />
			<Add option="-L/home/olivier/chroot32b/usr/lib/" />
			<Add option="-lpython2.7" />
			<Add option="-lboost_python" />
		</Linker>
		<Unit filename="../common/include/etdef.hpp" />
		<Unit filename="include/ettools.hpp" />
		<Unit filename="include/gent_parser.hpp" />
		<Unit filename="include/main.hpp" />
		<Unit filename="src/ettools.cpp" />
		<Unit filename="src/gent_parser.cpp" />
		<Unit filename="src/main.cpp" />
		<Extensions>
			<code_completion />
			<debugger />
		</Extensions>
	</Project>
</CodeBlocks_project_file>
